{
  "name": "xm",
  "lockfileVersion": 3,
  "requires": true,
  "packages": {
    "": {
      "dependencies": {
        "three-postprocessing-effect": "^1.0.0"
      }
    },
    "node_modules/three": {
      "version": "0.168.0",
      "resolved": "https://registry.npmjs.org/three/-/three-0.168.0.tgz",
      "integrity": "sha512-6m6jXtDwMJEK/GGMbAOTSAmxNdzKvvBzgd7q8bE/7Tr6m7PaBh5kKLrN7faWtlglXbzj7sVba48Idwx+NRsZXw==",
      "license": "MIT"
    },
    "node_modules/three-postprocessing-effect": {
      "version": "1.0.0",
      "resolved": "https://registry.npmjs.org/three-postprocessing-effect/-/three-postprocessing-effect-1.0.0.tgz",
      "integrity": "sha512-15hLeb7pvuIkq9x9895UQ1/8po6IbZun16WzI+HU3dV7XzQu+uT0Bqc3aK978zcNm5VffIQ0kaDr10L+D26WCw==",
      "license": "MIT",
      "dependencies": {
        "three": "^0.168.0"
      }
    }
  }
}
